// !$*UTF8*$!
{
	archiveVersion = 1;
	classes = {
	};
	objectVersion = 77;
	objects = {

/* Begin PBXBuildFile section */
		89F8EC4D2EF214530072269E /* Soccer Tracker Watch App.app in Embed Watch Content */ = {isa = PBXBuildFile; fileRef = 89F8EC4C2EF214530072269E /* Soccer Tracker Watch App.app */; settings = {ATTRIBUTES = (RemoveHeadersOnCopy, ); }; };
/* End PBXBuildFile section */

/* Begin PBXContainerItemProxy section */
		89F8EC4E2EF214530072269E /* PBXContainerItemProxy */ = {
			isa = PBXContainerItemProxy;
			containerPortal = 89F8EC402EF214520072269E /* Project object */;
			proxyType = 1;
			remoteGlobalIDString = 89F8EC4B2EF214530072269E;
			remoteInfo = "Soccer Tracker Watch App";
		};
		89F8EC5C2EF214550072269E /* PBXContainerItemProxy */ = {
			isa = PBXContainerItemProxy;
			containerPortal = 89F8EC402EF214520072269E /* Project object */;
			proxyType = 1;
			remoteGlobalIDString = 89F8EC4B2EF214530072269E;
			remoteInfo = "Soccer Tracker Watch App";
		};
		89F8EC662EF214550072269E /* PBXContainerItemProxy */ = {
			isa = PBXContainerItemProxy;
			containerPortal = 89F8EC402EF214520072269E /* Project object */;
			proxyType = 1;
			remoteGlobalIDString = 89F8EC4B2EF214530072269E;
			remoteInfo = "Soccer Tracker Watch App";
		};
/* End PBXContainerItemProxy section */

/* Begin PBXCopyFilesBuildPhase section */
		89F8EC722EF214550072269E /* Embed Watch Content */ = {
			isa = PBXCopyFilesBuildPhase;
			buildActionMask = 2147483647;
			dstPath = "$(CONTENTS_FOLDER_PATH)/Watch";
			dstSubfolderSpec = 16;
			files = (
				89F8EC4D2EF214530072269E /* Soccer Tracker Watch App.app in Embed Watch Content */,
			);
			name = "Embed Watch Content";
			runOnlyForDeploymentPostprocessing = 0;
		};
/* End PBXCopyFilesBuildPhase section */

/* Begin PBXFileReference section */
		89F8EC462EF214530072269E /* Soccer Tracker.app */ = {isa = PBXFileReference; explicitFileType = wrapper.application; includeInIndex = 0; path = "Soccer Tracker.app"; sourceTree = BUILT_PRODUCTS_DIR; };
		89F8EC4C2EF214530072269E /* Soccer Tracker Watch App.app */ = {isa = PBXFileReference; explicitFileType = wrapper.application; includeInIndex = 0; path = "Soccer Tracker Watch App.app"; sourceTree = BUILT_PRODUCTS_DIR; };
		89F8EC5B2EF214550072269E /* Soccer Tracker Watch AppTests.xctest */ = {isa = PBXFileReference; explicitFileType = wrapper.cfbundle; includeInIndex = 0; path = "Soccer Tracker Watch AppTests.xctest"; sourceTree = BUILT_PRODUCTS_DIR; };
		89F8EC652EF214550072269E /* Soccer Tracker Watch AppUITests.xctest */ = {isa = PBXFileReference; explicitFileType = wrapper.cfbundle; includeInIndex = 0; path = "Soccer Tracker Watch AppUITests.xctest"; sourceTree = BUILT_PRODUCTS_DIR; };
/* End PBXFileReference section */

/* Begin PBXFileSystemSynchronizedRootGroup section */
		89F8EC502EF214530072269E /* Soccer Tracker Watch App */ = {
			isa = PBXFileSystemSynchronizedRootGroup;
			path = "Soccer Tracker Watch App";
			sourceTree = "<group>";
		};
		89F8EC5E2EF214550072269E /* Soccer Tracker Watch AppTests */ = {
			isa = PBXFileSystemSynchronizedRootGroup;
			path = "Soccer Tracker Watch AppTests";
			sourceTree = "<group>";
		};
		89F8EC682EF214550072269E /* Soccer Tracker Watch AppUITests */ = {
			isa = PBXFileSystemSynchronizedRootGroup;
			path = "Soccer Tracker Watch AppUITests";
			sourceTree = "<group>";
		};
/* End PBXFileSystemSynchronizedRootGroup section */

/* Begin PBXFrameworksBuildPhase section */
		89F8EC492EF214530072269E /* Frameworks */ = {
			isa = PBXFrameworksBuildPhase;
			buildActionMask = 2147483647;
			files = (
			);
			runOnlyForDeploymentPostprocessing = 0;
		};
		89F8EC582EF214550072269E /* Frameworks */ = {
			isa = PBXFrameworksBuildPhase;
			buildActionMask = 2147483647;
			files = (
			);
			runOnlyForDeploymentPostprocessing = 0;
		};
		89F8EC622EF214550072269E /* Frameworks */ = {
			isa = PBXFrameworksBuildPhase;
			buildActionMask = 2147483647;
			files = (
			);
			runOnlyForDeploymentPostprocessing = 0;
		};
/* End PBXFrameworksBuildPhase section */

/* Begin PBXGroup section */
		89F8EC3F2EF214520072269E = {
			isa = PBXGroup;
			children = (
				89F8EC502EF214530072269E /* Soccer Tracker Watch App */,
				89F8EC5E2EF214550072269E /* Soccer Tracker Watch AppTests */,
				89F8EC682EF214550072269E /* Soccer Tracker Watch AppUITests */,
				89F8EC472EF214530072269E /* Products */,
			);
			sourceTree = "<group>";
		};
		89F8EC472EF214530072269E /* Products */ = {
			isa = PBXGroup;
			children = (
				89F8EC462EF214530072269E /* Soccer Tracker.app */,
				89F8EC4C2EF214530072269E /* Soccer Tracker Watch App.app */,
				89F8EC5B2EF214550072269E /* Soccer Tracker Watch AppTests.xctest */,
				89F8EC652EF214550072269E /* Soccer Tracker Watch AppUITests.xctest */,
			);
			name = Products;
			sourceTree = "<group>";
		};
/* End PBXGroup section */

/* Begin PBXNativeTarget section */
		89F8EC452EF214520072269E /* Soccer Tracker */ = {
			isa = PBXNativeTarget;
			buildConfigurationList = 89F8EC732EF214550072269E /* Build configuration list for PBXNativeTarget "Soccer Tracker" */;
			buildPhases = (
				89F8EC442EF214520072269E /* Resources */,
				89F8EC722EF214550072269E /* Embed Watch Content */,
			);
			buildRules = (
			);
			dependencies = (
				89F8EC4F2EF214530072269E /* PBXTargetDependency */,
			);
			name = "Soccer Tracker";
			packageProductDependencies = (
			);
			productName = "Soccer Tracker";
			productReference = 89F8EC462EF214530072269E /* Soccer Tracker.app */;
			productType = "com.apple.product-type.application.watchapp2-container";
		};
		89F8EC4B2EF214530072269E /* Soccer Tracker Watch App */ = {
			isa = PBXNativeTarget;
			buildConfigurationList = 89F8EC6F2EF214550072269E /* Build configuration list for PBXNativeTarget "Soccer Tracker Watch App" */;
			buildPhases = (
				89F8EC482EF214530072269E /* Sources */,
				89F8EC492EF214530072269E /* Frameworks */,
				89F8EC4A2EF214530072269E /* Resources */,
			);
			buildRules = (
			);
			dependencies = (
			);
			fileSystemSynchronizedGroups = (
				89F8EC502EF214530072269E /* Soccer Tracker Watch App */,
			);
			name = "Soccer Tracker Watch App";
			packageProductDependencies = (
			);
			productName = "Soccer Tracker Watch App";
			productReference = 89F8EC4C2EF214530072269E /* Soccer Tracker Watch App.app */;
			productType = "com.apple.product-type.application";
		};
		89F8EC5A2EF214550072269E /* Soccer Tracker Watch AppTests */ = {
			isa = PBXNativeTarget;
			buildConfigurationList = 89F8EC762EF214550072269E /* Build configuration list for PBXNativeTarget "Soccer Tracker Watch AppTests" */;
			buildPhases = (
				89F8EC572EF214550072269E /* Sources */,
				89F8EC582EF214550072269E /* Frameworks */,
				89F8EC592EF214550072269E /* Resources */,
			);
			buildRules = (
			);
			dependencies = (
				89F8EC5D2EF214550072269E /* PBXTargetDependency */,
			);
			fileSystemSynchronizedGroups = (
				89F8EC5E2EF214550072269E /* Soccer Tracker Watch AppTests */,
			);
			name = "Soccer Tracker Watch AppTests";
			packageProductDependencies = (
			);
			productName = "Soccer Tracker Watch AppTests";
			productReference = 89F8EC5B2EF214550072269E /* Soccer Tracker Watch AppTests.xctest */;
			productType = "com.apple.product-type.bundle.unit-test";
		};
		89F8EC642EF214550072269E /* Soccer Tracker Watch AppUITests */ = {
			isa = PBXNativeTarget;
			buildConfigurationList = 89F8EC792EF214550072269E /* Build configuration list for PBXNativeTarget "Soccer Tracker Watch AppUITests" */;
			buildPhases = (
				89F8EC612EF214550072269E /* Sources */,
				89F8EC622EF214550072269E /* Frameworks */,
				89F8EC632EF214550072269E /* Resources */,
			);
			buildRules = (
			);
			dependencies = (
				89F8EC672EF214550072269E /* PBXTargetDependency */,
			);
			fileSystemSynchronizedGroups = (
				89F8EC682EF214550072269E /* Soccer Tracker Watch AppUITests */,
			);
			name = "Soccer Tracker Watch AppUITests";
			packageProductDependencies = (
			);
			productName = "Soccer Tracker Watch AppUITests";
			productReference = 89F8EC652EF214550072269E /* Soccer Tracker Watch AppUITests.xctest */;
			productType = "com.apple.product-type.bundle.ui-testing";
		};
/* End PBXNativeTarget section */

/* Begin PBXProject section */
		89F8EC402EF214520072269E /* Project object */ = {
			isa = PBXProject;
			attributes = {
				BuildIndependentTargetsInParallel = 1;
				LastSwiftUpdateCheck = 2620;
				LastUpgradeCheck = 2620;
				TargetAttributes = {
					89F8EC452EF214520072269E = {
						CreatedOnToolsVersion = 26.2;
					};
					89F8EC4B2EF214530072269E = {
						CreatedOnToolsVersion = 26.2;
					};
					89F8EC5A2EF214550072269E = {
						CreatedOnToolsVersion = 26.2;
						TestTargetID = 89F8EC4B2EF214530072269E;
					};
					89F8EC642EF214550072269E = {
						CreatedOnToolsVersion = 26.2;
						TestTargetID = 89F8EC4B2EF214530072269E;
					};
				};
			};
			buildConfigurationList = 89F8EC432EF214520072269E /* Build configuration list for PBXProject "Soccer Tracker" */;
			developmentRegion = en;
			hasScannedForEncodings = 0;
			knownRegions = (
				en,
				Base,
			);
			mainGroup = 89F8EC3F2EF214520072269E;
			minimizedProjectReferenceProxies = 1;
			preferredProjectObjectVersion = 77;
			productRefGroup = 89F8EC472EF214530072269E /* Products */;
			projectDirPath = "";
			projectRoot = "";
			targets = (
				89F8EC452EF214520072269E /* Soccer Tracker */,
				89F8EC4B2EF214530072269E /* Soccer Tracker Watch App */,
				89F8EC5A2EF214550072269E /* Soccer Tracker Watch AppTests */,
				89F8EC642EF214550072269E /* Soccer Tracker Watch AppUITests */,
			);
		};
/* End PBXProject section */

/* Begin PBXResourcesBuildPhase section */
		89F8EC442EF214520072269E /* Resources */ = {
			isa = PBXResourcesBuildPhase;
			buildActionMask = 2147483647;
			files = (
			);
			runOnlyForDeploymentPostprocessing = 0;
		};
		89F8EC4A2EF214530072269E /* Resources */ = {
			isa = PBXResourcesBuildPhase;
			buildActionMask = 2147483647;
			files = (
			);
			runOnlyForDeploymentPostprocessing = 0;
		};
		89F8EC592EF214550072269E /* Resources */ = {
			isa = PBXResourcesBuildPhase;
			buildActionMask = 2147483647;
			files = (
			);
			runOnlyForDeploymentPostprocessing = 0;
		};
		89F8EC632EF214550072269E /* Resources */ = {
			isa = PBXResourcesBuildPhase;
			buildActionMask = 2147483647;
			files = (
			);
			runOnlyForDeploymentPostprocessing = 0;
		};
/* End PBXResourcesBuildPhase section */

/* Begin PBXSourcesBuildPhase section */
		89F8EC482EF214530072269E /* Sources */ = {
			isa = PBXSourcesBuildPhase;
			buildActionMask = 2147483647;
			files = (
			);
			runOnlyForDeploymentPostprocessing = 0;
		};
		89F8EC572EF214550072269E /* Sources */ = {
			isa = PBXSourcesBuildPhase;
			buildActionMask = 2147483647;
			files = (
			);
			runOnlyForDeploymentPostprocessing = 0;
		};
		89F8EC612EF214550072269E /* Sources */ = {
			isa = PBXSourcesBuildPhase;
			buildActionMask = 2147483647;
			files = (
			);
			runOnlyForDeploymentPostprocessing = 0;
		};
/* End PBXSourcesBuildPhase section */

/* Begin PBXTargetDependency section */
		89F8EC4F2EF214530072269E /* PBXTargetDependency */ = {
			isa = PBXTargetDependency;
			target = 89F8EC4B2EF214530072269E /* Soccer Tracker Watch App */;
			targetProxy = 89F8EC4E2EF214530072269E /* PBXContainerItemProxy */;
		};
		89F8EC5D2EF214550072269E /* PBXTargetDependency */ = {
			isa = PBXTargetDependency;
			target = 89F8EC4B2EF214530072269E /* Soccer Tracker Watch App */;
			targetProxy = 89F8EC5C2EF214550072269E /* PBXContainerItemProxy */;
		};
		89F8EC672EF214550072269E /* PBXTargetDependency */ = {
			isa = PBXTargetDependency;
			target = 89F8EC4B2EF214530072269E /* Soccer Tracker Watch App */;
			targetProxy = 89F8EC662EF214550072269E /* PBXContainerItemProxy */;
		};
/* End PBXTargetDependency section */

/* Begin XCBuildConfiguration section */
		89F8EC6D2EF214550072269E /* Debug */ = {
			isa = XCBuildConfiguration;
			buildSettings = {
				ALWAYS_SEARCH_USER_PATHS = NO;
				ASSETCATALOG_COMPILER_GENERATE_SWIFT_ASSET_SYMBOL_EXTENSIONS = YES;
				CLANG_ANALYZER_NONNULL = YES;
				CLANG_ANALYZER_NUMBER_OBJECT_CONVERSION = YES_AGGRESSIVE;
				CLANG_CXX_LANGUAGE_STANDARD = "gnu++20";
				CLANG_ENABLE_MODULES = YES;
				CLANG_ENABLE_OBJC_ARC = YES;
				CLANG_ENABLE_OBJC_WEAK = YES;
				CLANG_WARN_BLOCK_CAPTURE_AUTORELEASING = YES;
				CLANG_WARN_BOOL_CONVERSION = YES;
				CLANG_WARN_COMMA = YES;
				CLANG_WARN_CONSTANT_CONVERSION = YES;
				CLANG_WARN_DEPRECATED_OBJC_IMPLEMENTATIONS = YES;
				CLANG_WARN_DIRECT_OBJC_ISA_USAGE = YES_ERROR;
				CLANG_WARN_DOCUMENTATION_COMMENTS = YES;
				CLANG_WARN_EMPTY_BODY = YES;
				CLANG_WARN_ENUM_CONVERSION = YES;
				CLANG_WARN_INFINITE_RECURSION = YES;
				CLANG_WARN_INT_CONVERSION = YES;
				CLANG_WARN_NON_LITERAL_NULL_CONVERSION = YES;
				CLANG_WARN_OBJC_IMPLICIT_RETAIN_SELF = YES;
				CLANG_WARN_OBJC_LITERAL_CONVERSION = YES;
				CLANG_WARN_OBJC_ROOT_CLASS = YES_ERROR;
				CLANG_WARN_QUOTED_INCLUDE_IN_FRAMEWORK_HEADER = YES;
				CLANG_WARN_RANGE_LOOP_ANALYSIS = YES;
				CLANG_WARN_STRICT_PROTOTYPES = YES;
				CLANG_WARN_SUSPICIOUS_MOVE = YES;
				CLANG_WARN_UNGUARDED_AVAILABILITY = YES_AGGRESSIVE;
				CLANG_WARN_UNREACHABLE_CODE = YES;
				CLANG_WARN__DUPLICATE_METHOD_MATCH = YES;
				COPY_PHASE_STRIP = NO;
				DEBUG_INFORMATION_FORMAT = dwarf;
				ENABLE_STRICT_OBJC_MSGSEND = YES;
				ENABLE_TESTABILITY = YES;
				ENABLE_USER_SCRIPT_SANDBOXING = YES;
				GCC_C_LANGUAGE_STANDARD = gnu17;
				GCC_DYNAMIC_NO_PIC = NO;
				GCC_NO_COMMON_BLOCKS = YES;
				GCC_OPTIMIZATION_LEVEL = 0;
				GCC_PREPROCESSOR_DEFINITIONS = (
					"DEBUG=1",
					"$(inherited)",
				);
				GCC_WARN_64_TO_32_BIT_CONVERSION = YES;
				GCC_WARN_ABOUT_RETURN_TYPE = YES_ERROR;
				GCC_WARN_UNDECLARED_SELECTOR = YES;
				GCC_WARN_UNINITIALIZED_AUTOS = YES_AGGRESSIVE;
				GCC_WARN_UNUSED_FUNCTION = YES;
				GCC_WARN_UNUSED_VARIABLE = YES;
				LOCALIZATION_PREFERS_STRING_CATALOGS = YES;
				MTL_ENABLE_DEBUG_INFO = INCLUDE_SOURCE;
				MTL_FAST_MATH = YES;
				ONLY_ACTIVE_ARCH = YES;
				SWIFT_ACTIVE_COMPILATION_CONDITIONS = "DEBUG $(inherited)";
				SWIFT_OPTIMIZATION_LEVEL = "-Onone";
			};
			name = Debug;
		};
		89F8EC6E2EF214550072269E /* Release */ = {
			isa = XCBuildConfiguration;
			buildSettings = {
				ALWAYS_SEARCH_USER_PATHS = NO;
				ASSETCATALOG_COMPILER_GENERATE_SWIFT_ASSET_SYMBOL_EXTENSIONS = YES;
				CLANG_ANALYZER_NONNULL = YES;
				CLANG_ANALYZER_NUMBER_OBJECT_CONVERSION = YES_AGGRESSIVE;
				CLANG_CXX_LANGUAGE_STANDARD = "gnu++20";
				CLANG_ENABLE_MODULES = YES;
				CLANG_ENABLE_OBJC_ARC = YES;
				CLANG_ENABLE_OBJC_WEAK = YES;
				CLANG_WARN_BLOCK_CAPTURE_AUTORELEASING = YES;
				CLANG_WARN_BOOL_CONVERSION = YES;
				CLANG_WARN_COMMA = YES;
				CLANG_WARN_CONSTANT_CONVERSION = YES;
				CLANG_WARN_DEPRECATED_OBJC_IMPLEMENTATIONS = YES;
				CLANG_WARN_DIRECT_OBJC_ISA_USAGE = YES_ERROR;
				CLANG_WARN_DOCUMENTATION_COMMENTS = YES;
				CLANG_WARN_EMPTY_BODY = YES;
				CLANG_WARN_ENUM_CONVERSION = YES;
				CLANG_WARN_INFINITE_RECURSION = YES;
				CLANG_WARN_INT_CONVERSION = YES;
				CLANG_WARN_NON_LITERAL_NULL_CONVERSION = YES;
				CLANG_WARN_OBJC_IMPLICIT_RETAIN_SELF = YES;
				CLANG_WARN_OBJC_LITERAL_CONVERSION = YES;
				CLANG_WARN_OBJC_ROOT_CLASS = YES_ERROR;
				CLANG_WARN_QUOTED_INCLUDE_IN_FRAMEWORK_HEADER = YES;
				CLANG_WARN_RANGE_LOOP_ANALYSIS = YES;
				CLANG_WARN_STRICT_PROTOTYPES = YES;
				CLANG_WARN_SUSPICIOUS_MOVE = YES;
				CLANG_WARN_UNGUARDED_AVAILABILITY = YES_AGGRESSIVE;
				CLANG_WARN_UNREACHABLE_CODE = YES;
				CLANG_WARN__DUPLICATE_METHOD_MATCH = YES;
				COPY_PHASE_STRIP = NO;
				DEBUG_INFORMATION_FORMAT = "dwarf-with-dsym";
				ENABLE_NS_ASSERTIONS = NO;
				ENABLE_STRICT_OBJC_MSGSEND = YES;
				ENABLE_USER_SCRIPT_SANDBOXING = YES;
				GCC_C_LANGUAGE_STANDARD = gnu17;
				GCC_NO_COMMON_BLOCKS = YES;
				GCC_WARN_64_TO_32_BIT_CONVERSION = YES;
				GCC_WARN_ABOUT_RETURN_TYPE = YES_ERROR;
				GCC_WARN_UNDECLARED_SELECTOR = YES;
				GCC_WARN_UNINITIALIZED_AUTOS = YES_AGGRESSIVE;
				GCC_WARN_UNUSED_FUNCTION = YES;
				GCC_WARN_UNUSED_VARIABLE = YES;
				LOCALIZATION_PREFERS_STRING_CATALOGS = YES;
				MTL_ENABLE_DEBUG_INFO = NO;
				MTL_FAST_MATH = YES;
				SWIFT_COMPILATION_MODE = wholemodule;
			};
			name = Release;
		};
		89F8EC702EF214550072269E /* Debug */ = {
			isa = XCBuildConfiguration;
			buildSettings = {
				ASSETCATALOG_COMPILER_APPICON_NAME = AppIcon;
				ASSETCATALOG_COMPILER_GLOBAL_ACCENT_COLOR_NAME = AccentColor;
				CODE_SIGN_STYLE = Automatic;
				CURRENT_PROJECT_VERSION = 1;
				ENABLE_PREVIEWS = YES;
				GENERATE_INFOPLIST_FILE = YES;
				INFOPLIST_KEY_CFBundleDisplayName = "Soccer Tracker";
				INFOPLIST_KEY_UISupportedInterfaceOrientations = "UIInterfaceOrientationPortrait UIInterfaceOrientationPortraitUpsideDown";
				INFOPLIST_KEY_WKWatchOnly = YES;
				LD_RUNPATH_SEARCH_PATHS = (
					"$(inherited)",
					"@executable_path/Frameworks",
				);
				MARKETING_VERSION = 1.0;
				PRODUCT_BUNDLE_IDENTIFIER = "com.Santiago.Soccer-Tracker.watchkitapp";
				PRODUCT_NAME = "$(TARGET_NAME)";
				SDKROOT = watchos;
				SKIP_INSTALL = YES;
				STRING_CATALOG_GENERATE_SYMBOLS = YES;
				SWIFT_APPROACHABLE_CONCURRENCY = YES;
				SWIFT_DEFAULT_ACTOR_ISOLATION = MainActor;
				SWIFT_EMIT_LOC_STRINGS = YES;
				SWIFT_UPCOMING_FEATURE_MEMBER_IMPORT_VISIBILITY = YES;
				SWIFT_VERSION = 5.0;
				TARGETED_DEVICE_FAMILY = 4;
				WATCHOS_DEPLOYMENT_TARGET = 26.2;
			};
			name = Debug;
		};
		89F8EC712EF214550072269E /* Release */ = {
			isa = XCBuildConfiguration;
			buildSettings = {
				ASSETCATALOG_COMPILER_APPICON_NAME = AppIcon;
				ASSETCATALOG_COMPILER_GLOBAL_ACCENT_COLOR_NAME = AccentColor;
				CODE_SIGN_STYLE = Automatic;
				CURRENT_PROJECT_VERSION = 1;
				ENABLE_PREVIEWS = YES;
				GENERATE_INFOPLIST_FILE = YES;
				INFOPLIST_KEY_CFBundleDisplayName = "Soccer Tracker";
				INFOPLIST_KEY_UISupportedInterfaceOrientations = "UIInterfaceOrientationPortrait UIInterfaceOrientationPortraitUpsideDown";
				INFOPLIST_KEY_WKWatchOnly = YES;
				LD_RUNPATH_SEARCH_PATHS = (
					"$(inherited)",
					"@executable_path/Frameworks",
				);
				MARKETING_VERSION = 1.0;
				PRODUCT_BUNDLE_IDENTIFIER = "com.Santiago.Soccer-Tracker.watchkitapp";
				PRODUCT_NAME = "$(TARGET_NAME)";
				SDKROOT = watchos;
				SKIP_INSTALL = YES;
				STRING_CATALOG_GENERATE_SYMBOLS = YES;
				SWIFT_APPROACHABLE_CONCURRENCY = YES;
				SWIFT_DEFAULT_ACTOR_ISOLATION = MainActor;
				SWIFT_EMIT_LOC_STRINGS = YES;
				SWIFT_UPCOMING_FEATURE_MEMBER_IMPORT_VISIBILITY = YES;
				SWIFT_VERSION = 5.0;
				TARGETED_DEVICE_FAMILY = 4;
				VALIDATE_PRODUCT = YES;
				WATCHOS_DEPLOYMENT_TARGET = 26.2;
			};
			name = Release;
		};
		89F8EC742EF214550072269E /* Debug */ = {
			isa = XCBuildConfiguration;
			buildSettings = {
				CODE_SIGN_STYLE = Automatic;
				CURRENT_PROJECT_VERSION = 1;
				INFOPLIST_KEY_CFBundleDisplayName = "Soccer Tracker";
				MARKETING_VERSION = 1.0;
				PRODUCT_BUNDLE_IDENTIFIER = "com.Santiago.Soccer-Tracker";
				PRODUCT_NAME = "$(TARGET_NAME)";
				SDKROOT = iphoneos;
				SWIFT_APPROACHABLE_CONCURRENCY = YES;
				SWIFT_UPCOMING_FEATURE_MEMBER_IMPORT_VISIBILITY = YES;
				SWIFT_VERSION = 5.0;
			};
			name = Debug;
		};
		89F8EC752EF214550072269E /* Release */ = {
			isa = XCBuildConfiguration;
			buildSettings = {
				CODE_SIGN_STYLE = Automatic;
				CURRENT_PROJECT_VERSION = 1;
				INFOPLIST_KEY_CFBundleDisplayName = "Soccer Tracker";
				MARKETING_VERSION = 1.0;
				PRODUCT_BUNDLE_IDENTIFIER = "com.Santiago.Soccer-Tracker";
				PRODUCT_NAME = "$(TARGET_NAME)";
				SDKROOT = iphoneos;
				SWIFT_APPROACHABLE_CONCURRENCY = YES;
				SWIFT_UPCOMING_FEATURE_MEMBER_IMPORT_VISIBILITY = YES;
				SWIFT_VERSION = 5.0;
				VALIDATE_PRODUCT = YES;
			};
			name = Release;
		};
		89F8EC772EF214550072269E /* Debug */ = {
			isa = XCBuildConfiguration;
			buildSettings = {
				BUNDLE_LOADER = "$(TEST_HOST)";
				CODE_SIGN_STYLE = Automatic;
				CURRENT_PROJECT_VERSION = 1;
				GENERATE_INFOPLIST_FILE = YES;
				MARKETING_VERSION = 1.0;
				PRODUCT_BUNDLE_IDENTIFIER = "com.Santiago.Soccer-Tracker-Watch-AppTests";
				PRODUCT_NAME = "$(TARGET_NAME)";
				SDKROOT = watchos;
				STRING_CATALOG_GENERATE_SYMBOLS = NO;
				SWIFT_APPROACHABLE_CONCURRENCY = YES;
				SWIFT_EMIT_LOC_STRINGS = NO;
				SWIFT_UPCOMING_FEATURE_MEMBER_IMPORT_VISIBILITY = YES;
				SWIFT_VERSION = 5.0;
				TARGETED_DEVICE_FAMILY = 4;
				TEST_HOST = "$(BUILT_PRODUCTS_DIR)/Soccer Tracker Watch App.app/$(BUNDLE_EXECUTABLE_FOLDER_PATH)/Soccer Tracker Watch App";
				WATCHOS_DEPLOYMENT_TARGET = 26.2;
			};
			name = Debug;
		};
		89F8EC782EF214550072269E /* Release */ = {
			isa = XCBuildConfiguration;
			buildSettings = {
				BUNDLE_LOADER = "$(TEST_HOST)";
				CODE_SIGN_STYLE = Automatic;
				CURRENT_PROJECT_VERSION = 1;
				GENERATE_INFOPLIST_FILE = YES;
				MARKETING_VERSION = 1.0;
				PRODUCT_BUNDLE_IDENTIFIER = "com.Santiago.Soccer-Tracker-Watch-AppTests";
				PRODUCT_NAME = "$(TARGET_NAME)";
				SDKROOT = watchos;
				STRING_CATALOG_GENERATE_SYMBOLS = NO;
				SWIFT_APPROACHABLE_CONCURRENCY = YES;
				SWIFT_EMIT_LOC_STRINGS = NO;
				SWIFT_UPCOMING_FEATURE_MEMBER_IMPORT_VISIBILITY = YES;
				SWIFT_VERSION = 5.0;
				TARGETED_DEVICE_FAMILY = 4;
				TEST_HOST = "$(BUILT_PRODUCTS_DIR)/Soccer Tracker Watch App.app/$(BUNDLE_EXECUTABLE_FOLDER_PATH)/Soccer Tracker Watch App";
				VALIDATE_PRODUCT = YES;
				WATCHOS_DEPLOYMENT_TARGET = 26.2;
			};
			name = Release;
		};
		89F8EC7A2EF214550072269E /* Debug */ = {
			isa = XCBuildConfiguration;
			buildSettings = {
				CODE_SIGN_STYLE = Automatic;
				CURRENT_PROJECT_VERSION = 1;
				GENERATE_INFOPLIST_FILE = YES;
				MARKETING_VERSION = 1.0;
				PRODUCT_BUNDLE_IDENTIFIER = "com.Santiago.Soccer-Tracker-Watch-AppUITests";
				PRODUCT_NAME = "$(TARGET_NAME)";
				SDKROOT = watchos;
				STRING_CATALOG_GENERATE_SYMBOLS = NO;
				SWIFT_APPROACHABLE_CONCURRENCY = YES;
				SWIFT_EMIT_LOC_STRINGS = NO;
				SWIFT_UPCOMING_FEATURE_MEMBER_IMPORT_VISIBILITY = YES;
				SWIFT_VERSION = 5.0;
				TARGETED_DEVICE_FAMILY = 4;
				TEST_TARGET_NAME = "Soccer Tracker Watch App";
				WATCHOS_DEPLOYMENT_TARGET = 26.2;
			};
			name = Debug;
		};
		89F8EC7B2EF214550072269E /* Release */ = {
			isa = XCBuildConfiguration;
			buildSettings = {
				CODE_SIGN_STYLE = Automatic;
				CURRENT_PROJECT_VERSION = 1;
				GENERATE_INFOPLIST_FILE = YES;
				MARKETING_VERSION = 1.0;
				PRODUCT_BUNDLE_IDENTIFIER = "com.Santiago.Soccer-Tracker-Watch-AppUITests";
				PRODUCT_NAME = "$(TARGET_NAME)";
				SDKROOT = watchos;
				STRING_CATALOG_GENERATE_SYMBOLS = NO;
				SWIFT_APPROACHABLE_CONCURRENCY = YES;
				SWIFT_EMIT_LOC_STRINGS = NO;
				SWIFT_UPCOMING_FEATURE_MEMBER_IMPORT_VISIBILITY = YES;
				SWIFT_VERSION = 5.0;
				TARGETED_DEVICE_FAMILY = 4;
				TEST_TARGET_NAME = "Soccer Tracker Watch App";
				VALIDATE_PRODUCT = YES;
				WATCHOS_DEPLOYMENT_TARGET = 26.2;
			};
			name = Release;
		};
/* End XCBuildConfiguration section */

/* Begin XCConfigurationList section */
		89F8EC432EF214520072269E /* Build configuration list for PBXProject "Soccer Tracker" */ = {
			isa = XCConfigurationList;
			buildConfigurations = (
				89F8EC6D2EF214550072269E /* Debug */,
				89F8EC6E2EF214550072269E /* Release */,
			);
			defaultConfigurationIsVisible = 0;
			defaultConfigurationName = Release;
		};
		89F8EC6F2EF214550072269E /* Build configuration list for PBXNativeTarget "Soccer Tracker Watch App" */ = {
			isa = XCConfigurationList;
			buildConfigurations = (
				89F8EC702EF214550072269E /* Debug */,
				89F8EC712EF214550072269E /* Release */,
			);
			defaultConfigurationIsVisible = 0;
			defaultConfigurationName = Release;
		};
		89F8EC732EF214550072269E /* Build configuration list for PBXNativeTarget "Soccer Tracker" */ = {
			isa = XCConfigurationList;
			buildConfigurations = (
				89F8EC742EF214550072269E /* Debug */,
				89F8EC752EF214550072269E /* Release */,
			);
			defaultConfigurationIsVisible = 0;
			defaultConfigurationName = Release;
		};
		89F8EC762EF214550072269E /* Build configuration list for PBXNativeTarget "Soccer Tracker Watch AppTests" */ = {
			isa = XCConfigurationList;
			buildConfigurations = (
				89F8EC772EF214550072269E /* Debug */,
				89F8EC782EF214550072269E /* Release */,
			);
			defaultConfigurationIsVisible = 0;
			defaultConfigurationName = Release;
		};
		89F8EC792EF214550072269E /* Build configuration list for PBXNativeTarget "Soccer Tracker Watch AppUITests" */ = {
			isa = XCConfigurationList;
			buildConfigurations = (
				89F8EC7A2EF214550072269E /* Debug */,
				89F8EC7B2EF214550072269E /* Release */,
			);
			defaultConfigurationIsVisible = 0;
			defaultConfigurationName = Release;
		};
/* End XCConfigurationList section */
	};
	rootObject = 89F8EC402EF214520072269E /* Project object */;
}
